// !$*UTF8*$!
{
	archiveVersion = 1;
	classes = {
	};
	objectVersion = 77;
	objects = {

/* Begin PBXBuildFile section */
		0B7F6D6F6BA4124A9CECE83F /* PersonaChatCoordinator.swift in Sources */ = {isa = PBXBuildFile; fileRef = 67A163B9EF3DB5A0458A41ED /* PersonaChatCoordinator.swift */; };
		0B9A85ED842C33753A358418 /* AIChatUI in Frameworks */ = {isa = PBXBuildFile; productRef = E096A2F9B0E84169C0FE0EA3 /* AIChatUI */; };
		1379C213C06C8A44308E29D3 /* AICompleteChatApp.swift in Sources */ = {isa = PBXBuildFile; fileRef = 051AB9C20ACCEFA842F1CA86 /* AICompleteChatApp.swift */; };
		25CD0078A70C434F004A3E6A /* AIChatMLX in Frameworks */ = {isa = PBXBuildFile; productRef = 88A36470B1ADEDA7BCB845B3 /* AIChatMLX */; };
		28E2F1A91EB6A03AC89F8D18 /* ContentView.swift in Sources */ = {isa = PBXBuildFile; fileRef = A5F744B685F0372BFF1CFC1E /* ContentView.swift */; };
		3F6462A2E0577961E82AFBCA /* AiPersona in Frameworks */ = {isa = PBXBuildFile; productRef = 81ADEA171303DB61E8462E1E /* AiPersona */; };
		8A6112C285D2B607E7D1094E /* DesignFoundation in Frameworks */ = {isa = PBXBuildFile; productRef = 9525AB06788853078320E4C9 /* DesignFoundation */; };
		98E0EF0E04D7B5D1287481A8 /* AiVoiceKit in Frameworks */ = {isa = PBXBuildFile; productRef = 1EF714916DEA7B5E2AEE2BE5 /* AiVoiceKit */; };
		992CD10DAFA1163413BD11C7 /* FakeChatProvider.swift in Sources */ = {isa = PBXBuildFile; fileRef = 6847657B41A4152647DDFF35 /* FakeChatProvider.swift */; };
		A8C14F6CC03F0096F9B40305 /* AppEnvironment.swift in Sources */ = {isa = PBXBuildFile; fileRef = AB2B0907CE141146F6067F91 /* AppEnvironment.swift */; };
		AABF4692BA441FC0E47E141B /* VoiceHotkeysSettingsContent.swift in Sources */ = {isa = PBXBuildFile; fileRef = 97FAA7E699FC542D3EDD0FBC /* VoiceHotkeysSettingsContent.swift */; };
		AF707E5B79CED78AA6CE20FA /* PersonaChatCoordinatorTests.swift in Sources */ = {isa = PBXBuildFile; fileRef = 3E040AAEEF662D832CC6E822 /* PersonaChatCoordinatorTests.swift */; };
		B69BB5EA64F04009AF626A13 /* MemorySnapshotProvider.swift in Sources */ = {isa = PBXBuildFile; fileRef = 28344A12C878DBAA5EFA6A64 /* MemorySnapshotProvider.swift */; };
		BA14081D9041D7A053E1B464 /* AIChatCore in Frameworks */ = {isa = PBXBuildFile; productRef = EA4CB46AC52C927BD51457B1 /* AIChatCore */; };
		D61EFDBD9C552DA1C90BA745 /* MemorySnapshotProviderTests.swift in Sources */ = {isa = PBXBuildFile; fileRef = EF1AE935A9D0EB836050C565 /* MemorySnapshotProviderTests.swift */; };
		EB982AA4CBEEE924D10F88B8 /* DesignFoundationPro in Frameworks */ = {isa = PBXBuildFile; productRef = 778691EB625C74366F67E30F /* DesignFoundationPro */; };
/* End PBXBuildFile section */

/* Begin PBXContainerItemProxy section */
		6FA70BAE7B4D27089500E89C /* PBXContainerItemProxy */ = {
			isa = PBXContainerItemProxy;
			containerPortal = 883035719663702BA1DE798C /* Project object */;
			proxyType = 1;
			remoteGlobalIDString = C9AAC73697590F631E40D5A5;
			remoteInfo = AICompleteChat;
		};
/* End PBXContainerItemProxy section */

/* Begin PBXFileReference section */
		051AB9C20ACCEFA842F1CA86 /* AICompleteChatApp.swift */ = {isa = PBXFileReference; lastKnownFileType = sourcecode.swift; path = AICompleteChatApp.swift; sourceTree = "<group>"; };
		13DE964E91FD7CF36F319C56 /* AIChatKitMLX */ = {isa = PBXFileReference; lastKnownFileType = folder; name = AIChatKitMLX; path = "../../../../xCodeProjects/NerdSnipe-Inc-Packages/AIChatKitMLX"; sourceTree = SOURCE_ROOT; };
		1F4F1F62BF824236C6B9EFF5 /* Info.plist */ = {isa = PBXFileReference; lastKnownFileType = text.plist; path = Info.plist; sourceTree = "<group>"; };
		28344A12C878DBAA5EFA6A64 /* MemorySnapshotProvider.swift */ = {isa = PBXFileReference; lastKnownFileType = sourcecode.swift; path = MemorySnapshotProvider.swift; sourceTree = "<group>"; };
		3300CBEE530C165EE2CC6338 /* AiVoiceKit */ = {isa = PBXFileReference; lastKnownFileType = folder; name = AiVoiceKit; path = "../../../../xCodeProjects/NerdSnipe-Inc-Packages/AiVoiceKit"; sourceTree = SOURCE_ROOT; };
		3E040AAEEF662D832CC6E822 /* PersonaChatCoordinatorTests.swift */ = {isa = PBXFileReference; lastKnownFileType = sourcecode.swift; path = PersonaChatCoordinatorTests.swift; sourceTree = "<group>"; };
		47C3835D8CE9C34D54280BDE /* AICompleteChatTests.xctest */ = {isa = PBXFileReference; explicitFileType = wrapper.cfbundle; includeInIndex = 0; path = AICompleteChatTests.xctest; sourceTree = BUILT_PRODUCTS_DIR; };
		67A163B9EF3DB5A0458A41ED /* PersonaChatCoordinator.swift */ = {isa = PBXFileReference; lastKnownFileType = sourcecode.swift; path = PersonaChatCoordinator.swift; sourceTree = "<group>"; };
		6847657B41A4152647DDFF35 /* FakeChatProvider.swift */ = {isa = PBXFileReference; lastKnownFileType = sourcecode.swift; path = FakeChatProvider.swift; sourceTree = "<group>"; };
		8A56B859B9FF3D1557A2D131 /* Info.plist */ = {isa = PBXFileReference; lastKnownFileType = text.plist; path = Info.plist; sourceTree = "<group>"; };
		97FAA7E699FC542D3EDD0FBC /* VoiceHotkeysSettingsContent.swift */ = {isa = PBXFileReference; lastKnownFileType = sourcecode.swift; path = VoiceHotkeysSettingsContent.swift; sourceTree = "<group>"; };
		A5F744B685F0372BFF1CFC1E /* ContentView.swift */ = {isa = PBXFileReference; lastKnownFileType = sourcecode.swift; path = ContentView.swift; sourceTree = "<group>"; };
		A8B9D51A9F7E54334E5AD00F /* aicompletechat-memory-reset */ = {isa = PBXFileReference; lastKnownFileType = folder; name = "aicompletechat-memory-reset"; path = "../../../../xCodeProjects/NerdSnipe-Inc-Packages/AiPersona/.worktrees/aicompletechat-memory-reset"; sourceTree = SOURCE_ROOT; };
		AB2B0907CE141146F6067F91 /* AppEnvironment.swift */ = {isa = PBXFileReference; lastKnownFileType = sourcecode.swift; path = AppEnvironment.swift; sourceTree = "<group>"; };
		B1A637DEEB482B484813310D /* AICompleteChat.app */ = {isa = PBXFileReference; explicitFileType = wrapper.application; includeInIndex = 0; path = AICompleteChat.app; sourceTree = BUILT_PRODUCTS_DIR; };
		B3F9D5BEC44B7F804CE17746 /* DesignFoundation */ = {isa = PBXFileReference; lastKnownFileType = folder; name = DesignFoundation; path = ../../../DesignFoundation; sourceTree = SOURCE_ROOT; };
		D190C325B5ADCE6F7BB2C6C1 /* DesignFoundationPro-wt-aichat-ondevice-redesign */ = {isa = PBXFileReference; lastKnownFileType = folder; name = "DesignFoundationPro-wt-aichat-ondevice-redesign"; path = "../../../DesignFoundationPro-wt-aichat-ondevice-redesign"; sourceTree = SOURCE_ROOT; };
		DED37567FC131867BEF1D274 /* AIChatKit */ = {isa = PBXFileReference; lastKnownFileType = folder; name = AIChatKit; path = "../../../../xCodeProjects/NerdSnipe-Inc-Packages/AIChatKit"; sourceTree = SOURCE_ROOT; };
		EF1AE935A9D0EB836050C565 /* MemorySnapshotProviderTests.swift */ = {isa = PBXFileReference; lastKnownFileType = sourcecode.swift; path = MemorySnapshotProviderTests.swift; sourceTree = "<group>"; };
/* End PBXFileReference section */

/* Begin PBXFrameworksBuildPhase section */
		C122D09946E276F7F689EE68 /* Frameworks */ = {
			isa = PBXFrameworksBuildPhase;
			buildActionMask = 2147483647;
			files = (
				8A6112C285D2B607E7D1094E /* DesignFoundation in Frameworks */,
				EB982AA4CBEEE924D10F88B8 /* DesignFoundationPro in Frameworks */,
				BA14081D9041D7A053E1B464 /* AIChatCore in Frameworks */,
				0B9A85ED842C33753A358418 /* AIChatUI in Frameworks */,
				25CD0078A70C434F004A3E6A /* AIChatMLX in Frameworks */,
				3F6462A2E0577961E82AFBCA /* AiPersona in Frameworks */,
				98E0EF0E04D7B5D1287481A8 /* AiVoiceKit in Frameworks */,
			);
			runOnlyForDeploymentPostprocessing = 0;
		};
/* End PBXFrameworksBuildPhase section */

/* Begin PBXGroup section */
		0A167F8FCDDB9C614776A463 /* Engine */ = {
			isa = PBXGroup;
			children = (
				AB2B0907CE141146F6067F91 /* AppEnvironment.swift */,
				28344A12C878DBAA5EFA6A64 /* MemorySnapshotProvider.swift */,
				67A163B9EF3DB5A0458A41ED /* PersonaChatCoordinator.swift */,
			);
			path = Engine;
			sourceTree = "<group>";
		};
		1028251411FDA5834DF9E4AF /* Products */ = {
			isa = PBXGroup;
			children = (
				B1A637DEEB482B484813310D /* AICompleteChat.app */,
				47C3835D8CE9C34D54280BDE /* AICompleteChatTests.xctest */,
			);
			name = Products;
			sourceTree = "<group>";
		};
		2C83D3611415FF73B64D5695 /* Settings */ = {
			isa = PBXGroup;
			children = (
				97FAA7E699FC542D3EDD0FBC /* VoiceHotkeysSettingsContent.swift */,
			);
			path = Settings;
			sourceTree = "<group>";
		};
		78B69F2C9498D71D27333450 /* Packages */ = {
			isa = PBXGroup;
			children = (
				DED37567FC131867BEF1D274 /* AIChatKit */,
				13DE964E91FD7CF36F319C56 /* AIChatKitMLX */,
				A8B9D51A9F7E54334E5AD00F /* aicompletechat-memory-reset */,
				3300CBEE530C165EE2CC6338 /* AiVoiceKit */,
				B3F9D5BEC44B7F804CE17746 /* DesignFoundation */,
				D190C325B5ADCE6F7BB2C6C1 /* DesignFoundationPro-wt-aichat-ondevice-redesign */,
			);
			name = Packages;
			sourceTree = "<group>";
		};
		9C8DB380B5A7BEDA087432C3 /* AICompleteChat */ = {
			isa = PBXGroup;
			children = (
				051AB9C20ACCEFA842F1CA86 /* AICompleteChatApp.swift */,
				A5F744B685F0372BFF1CFC1E /* ContentView.swift */,
				8A56B859B9FF3D1557A2D131 /* Info.plist */,
				0A167F8FCDDB9C614776A463 /* Engine */,
				2C83D3611415FF73B64D5695 /* Settings */,
			);
			path = AICompleteChat;
			sourceTree = "<group>";
		};
		C0FDFC3AE3090EA4FC34ED0C /* AICompleteChatTests */ = {
			isa = PBXGroup;
			children = (
				6847657B41A4152647DDFF35 /* FakeChatProvider.swift */,
				1F4F1F62BF824236C6B9EFF5 /* Info.plist */,
				EF1AE935A9D0EB836050C565 /* MemorySnapshotProviderTests.swift */,
				3E040AAEEF662D832CC6E822 /* PersonaChatCoordinatorTests.swift */,
			);
			path = AICompleteChatTests;
			sourceTree = "<group>";
		};
		DCF4AD1B47B8E8DE49B54830 = {
			isa = PBXGroup;
			children = (
				9C8DB380B5A7BEDA087432C3 /* AICompleteChat */,
				C0FDFC3AE3090EA4FC34ED0C /* AICompleteChatTests */,
				78B69F2C9498D71D27333450 /* Packages */,
				1028251411FDA5834DF9E4AF /* Products */,
			);
			sourceTree = "<group>";
		};
/* End PBXGroup section */

/* Begin PBXNativeTarget section */
		C9AAC73697590F631E40D5A5 /* AICompleteChat */ = {
			isa = PBXNativeTarget;
			buildConfigurationList = D7BAE564047617048FE2481C /* Build configuration list for PBXNativeTarget "AICompleteChat" */;
			buildPhases = (
				8DE8C8683094B02F110CDC54 /* Sources */,
				C122D09946E276F7F689EE68 /* Frameworks */,
			);
			buildRules = (
			);
			dependencies = (
			);
			name = AICompleteChat;
			packageProductDependencies = (
				9525AB06788853078320E4C9 /* DesignFoundation */,
				778691EB625C74366F67E30F /* DesignFoundationPro */,
				EA4CB46AC52C927BD51457B1 /* AIChatCore */,
				E096A2F9B0E84169C0FE0EA3 /* AIChatUI */,
				88A36470B1ADEDA7BCB845B3 /* AIChatMLX */,
				81ADEA171303DB61E8462E1E /* AiPersona */,
				1EF714916DEA7B5E2AEE2BE5 /* AiVoiceKit */,
			);
			productName = AICompleteChat;
			productReference = B1A637DEEB482B484813310D /* AICompleteChat.app */;
			productType = "com.apple.product-type.application";
		};
		DC872AEB4D3FED08EA0C3330 /* AICompleteChatTests */ = {
			isa = PBXNativeTarget;
			buildConfigurationList = 21AEB936C24A632995C78BE2 /* Build configuration list for PBXNativeTarget "AICompleteChatTests" */;
			buildPhases = (
				1C00F5DB110D2ED76778E876 /* Sources */,
			);
			buildRules = (
			);
			dependencies = (
				4F837A0EDB67D2526820ABDB /* PBXTargetDependency */,
			);
			name = AICompleteChatTests;
			packageProductDependencies = (
			);
			productName = AICompleteChatTests;
			productReference = 47C3835D8CE9C34D54280BDE /* AICompleteChatTests.xctest */;
			productType = "com.apple.product-type.bundle.unit-test";
		};
/* End PBXNativeTarget section */

/* Begin PBXProject section */
		883035719663702BA1DE798C /* Project object */ = {
			isa = PBXProject;
			attributes = {
				BuildIndependentTargetsInParallel = YES;
				LastUpgradeCheck = 1430;
				TargetAttributes = {
					C9AAC73697590F631E40D5A5 = {
						DevelopmentTeam = QW2MDLZZJH;
						ProvisioningStyle = Automatic;
					};
				};
			};
			buildConfigurationList = A5DFA9C8A495E9B3D9E8B429 /* Build configuration list for PBXProject "AICompleteChat" */;
			developmentRegion = en;
			hasScannedForEncodings = 0;
			knownRegions = (
				Base,
				en,
			);
			mainGroup = DCF4AD1B47B8E8DE49B54830;
			minimizedProjectReferenceProxies = 1;
			packageReferences = (
				B1A8C10731B45B9AE09E2422 /* XCLocalSwiftPackageReference "/Users/nerdsnipe/xCodeProjects/NerdSnipe-Inc-Packages/AIChatKit" */,
				A7BE2CB8E5DE7A32BCCC86C2 /* XCLocalSwiftPackageReference "/Users/nerdsnipe/xCodeProjects/NerdSnipe-Inc-Packages/AIChatKitMLX" */,
				7FE60B05F4D1EC875B5A8CD9 /* XCLocalSwiftPackageReference "/Users/nerdsnipe/xCodeProjects/NerdSnipe-Inc-Packages/AiPersona/.worktrees/aicompletechat-memory-reset" */,
				238027C3299C13D58306D63A /* XCLocalSwiftPackageReference "/Users/nerdsnipe/xCodeProjects/NerdSnipe-Inc-Packages/AiVoiceKit" */,
				C63AB346E8F8C76E9E04FB06 /* XCLocalSwiftPackageReference "/Users/nerdsnipe/Projects/DesignFoundation" */,
				A1B400C7D4A82094F23A8A99 /* XCLocalSwiftPackageReference "/Users/nerdsnipe/Projects/DesignFoundationPro-wt-aichat-ondevice-redesign" */,
			);
			preferredProjectObjectVersion = 77;
			productRefGroup = 1028251411FDA5834DF9E4AF /* Products */;
			projectDirPath = "";
			projectRoot = "";
			targets = (
				C9AAC73697590F631E40D5A5 /* AICompleteChat */,
				DC872AEB4D3FED08EA0C3330 /* AICompleteChatTests */,
			);
		};
/* End PBXProject section */

/* Begin PBXSourcesBuildPhase section */
		1C00F5DB110D2ED76778E876 /* Sources */ = {
			isa = PBXSourcesBuildPhase;
			buildActionMask = 2147483647;
			files = (
				992CD10DAFA1163413BD11C7 /* FakeChatProvider.swift in Sources */,
				D61EFDBD9C552DA1C90BA745 /* MemorySnapshotProviderTests.swift in Sources */,
				AF707E5B79CED78AA6CE20FA /* PersonaChatCoordinatorTests.swift in Sources */,
			);
			runOnlyForDeploymentPostprocessing = 0;
		};
		8DE8C8683094B02F110CDC54 /* Sources */ = {
			isa = PBXSourcesBuildPhase;
			buildActionMask = 2147483647;
			files = (
				1379C213C06C8A44308E29D3 /* AICompleteChatApp.swift in Sources */,
				A8C14F6CC03F0096F9B40305 /* AppEnvironment.swift in Sources */,
				28E2F1A91EB6A03AC89F8D18 /* ContentView.swift in Sources */,
				B69BB5EA64F04009AF626A13 /* MemorySnapshotProvider.swift in Sources */,
				0B7F6D6F6BA4124A9CECE83F /* PersonaChatCoordinator.swift in Sources */,
				AABF4692BA441FC0E47E141B /* VoiceHotkeysSettingsContent.swift in Sources */,
			);
			runOnlyForDeploymentPostprocessing = 0;
		};
/* End PBXSourcesBuildPhase section */

/* Begin PBXTargetDependency section */
		4F837A0EDB67D2526820ABDB /* PBXTargetDependency */ = {
			isa = PBXTargetDependency;
			target = C9AAC73697590F631E40D5A5 /* AICompleteChat */;
			targetProxy = 6FA70BAE7B4D27089500E89C /* PBXContainerItemProxy */;
		};
/* End PBXTargetDependency section */

/* Begin XCBuildConfiguration section */
		01FD680BF34D64CAC501FD73 /* Debug */ = {
			isa = XCBuildConfiguration;
			buildSettings = {
				BUNDLE_LOADER = "$(TEST_HOST)";
				COMBINE_HIDPI_IMAGES = YES;
				INFOPLIST_FILE = AICompleteChatTests/Info.plist;
				LD_RUNPATH_SEARCH_PATHS = (
					"$(inherited)",
					"@executable_path/../Frameworks",
					"@loader_path/../Frameworks",
				);
				PRODUCT_BUNDLE_IDENTIFIER = com.nerdsnipe.AICompleteChatTests;
				SDKROOT = macosx;
				SWIFT_VERSION = 6.0;
				TEST_HOST = "$(BUILT_PRODUCTS_DIR)/AICompleteChat.app/Contents/MacOS/AICompleteChat";
			};
			name = Debug;
		};
		2F7701AC8CF5C4FC1102D2A8 /* Release */ = {
			isa = XCBuildConfiguration;
			buildSettings = {
				BUNDLE_LOADER = "$(TEST_HOST)";
				COMBINE_HIDPI_IMAGES = YES;
				INFOPLIST_FILE = AICompleteChatTests/Info.plist;
				LD_RUNPATH_SEARCH_PATHS = (
					"$(inherited)",
					"@executable_path/../Frameworks",
					"@loader_path/../Frameworks",
				);
				PRODUCT_BUNDLE_IDENTIFIER = com.nerdsnipe.AICompleteChatTests;
				SDKROOT = macosx;
				SWIFT_VERSION = 6.0;
				TEST_HOST = "$(BUILT_PRODUCTS_DIR)/AICompleteChat.app/Contents/MacOS/AICompleteChat";
			};
			name = Release;
		};
		3B4C16293FD1928EEF83AE37 /* Release */ = {
			isa = XCBuildConfiguration;
			buildSettings = {
				ASSETCATALOG_COMPILER_APPICON_NAME = AppIcon;
				"CODE_SIGN_IDENTITY[sdk=macosx*]" = "Apple Development";
				CODE_SIGN_STYLE = Automatic;
				COMBINE_HIDPI_IMAGES = YES;
				CURRENT_PROJECT_VERSION = 1;
				DEVELOPMENT_TEAM = QW2MDLZZJH;
				INFOPLIST_FILE = AICompleteChat/Info.plist;
				LD_RUNPATH_SEARCH_PATHS = (
					"$(inherited)",
					"@executable_path/../Frameworks",
				);
				MARKETING_VERSION = 1.0;
				PRODUCT_BUNDLE_IDENTIFIER = com.nerdsnipe.aicompletechat;
				SDKROOT = macosx;
				SWIFT_VERSION = 6.0;
			};
			name = Release;
		};
		44C11A5F22B81897B9A2F5AD /* Debug */ = {
			isa = XCBuildConfiguration;
			buildSettings = {
				ASSETCATALOG_COMPILER_APPICON_NAME = AppIcon;
				"CODE_SIGN_IDENTITY[sdk=macosx*]" = "Apple Development";
				CODE_SIGN_STYLE = Automatic;
				COMBINE_HIDPI_IMAGES = YES;
				CURRENT_PROJECT_VERSION = 1;
				DEVELOPMENT_TEAM = QW2MDLZZJH;
				INFOPLIST_FILE = AICompleteChat/Info.plist;
				LD_RUNPATH_SEARCH_PATHS = (
					"$(inherited)",
					"@executable_path/../Frameworks",
				);
				MARKETING_VERSION = 1.0;
				PRODUCT_BUNDLE_IDENTIFIER = com.nerdsnipe.aicompletechat;
				SDKROOT = macosx;
				SWIFT_VERSION = 6.0;
			};
			name = Debug;
		};
		E103C32A9CCA9E484DBF1B88 /* Release */ = {
			isa = XCBuildConfiguration;
			buildSettings = {
				ALWAYS_SEARCH_USER_PATHS = NO;
				CLANG_ANALYZER_NONNULL = YES;
				CLANG_ANALYZER_NUMBER_OBJECT_CONVERSION = YES_AGGRESSIVE;
				CLANG_CXX_LANGUAGE_STANDARD = "gnu++14";
				CLANG_CXX_LIBRARY = "libc++";
				CLANG_ENABLE_MODULES = YES;
				CLANG_ENABLE_OBJC_ARC = YES;
				CLANG_ENABLE_OBJC_WEAK = YES;
				CLANG_WARN_BLOCK_CAPTURE_AUTORELEASING = YES;
				CLANG_WARN_BOOL_CONVERSION = YES;
				CLANG_WARN_COMMA = YES;
				CLANG_WARN_CONSTANT_CONVERSION = YES;
				CLANG_WARN_DEPRECATED_OBJC_IMPLEMENTATIONS = YES;
				CLANG_WARN_DIRECT_OBJC_ISA_USAGE = YES_ERROR;
				CLANG_WARN_DOCUMENTATION_COMMENTS = YES;
				CLANG_WARN_EMPTY_BODY = YES;
				CLANG_WARN_ENUM_CONVERSION = YES;
				CLANG_WARN_INFINITE_RECURSION = YES;
				CLANG_WARN_INT_CONVERSION = YES;
				CLANG_WARN_NON_LITERAL_NULL_CONVERSION = YES;
				CLANG_WARN_OBJC_IMPLICIT_RETAIN_SELF = YES;
				CLANG_WARN_OBJC_LITERAL_CONVERSION = YES;
				CLANG_WARN_OBJC_ROOT_CLASS = YES_ERROR;
				CLANG_WARN_QUOTED_INCLUDE_IN_FRAMEWORK_HEADER = YES;
				CLANG_WARN_RANGE_LOOP_ANALYSIS = YES;
				CLANG_WARN_STRICT_PROTOTYPES = YES;
				CLANG_WARN_SUSPICIOUS_MOVE = YES;
				CLANG_WARN_UNGUARDED_AVAILABILITY = YES_AGGRESSIVE;
				CLANG_WARN_UNREACHABLE_CODE = YES;
				CLANG_WARN__DUPLICATE_METHOD_MATCH = YES;
				COPY_PHASE_STRIP = NO;
				DEBUG_INFORMATION_FORMAT = "dwarf-with-dsym";
				ENABLE_NS_ASSERTIONS = NO;
				ENABLE_STRICT_OBJC_MSGSEND = YES;
				GCC_C_LANGUAGE_STANDARD = gnu11;
				GCC_NO_COMMON_BLOCKS = YES;
				GCC_WARN_64_TO_32_BIT_CONVERSION = YES;
				GCC_WARN_ABOUT_RETURN_TYPE = YES_ERROR;
				GCC_WARN_UNDECLARED_SELECTOR = YES;
				GCC_WARN_UNINITIALIZED_AUTOS = YES_AGGRESSIVE;
				GCC_WARN_UNUSED_FUNCTION = YES;
				GCC_WARN_UNUSED_VARIABLE = YES;
				MACOSX_DEPLOYMENT_TARGET = 15.0;
				MTL_ENABLE_DEBUG_INFO = NO;
				MTL_FAST_MATH = YES;
				PRODUCT_NAME = "$(TARGET_NAME)";
				SDKROOT = macosx;
				SWIFT_COMPILATION_MODE = wholemodule;
				SWIFT_OPTIMIZATION_LEVEL = "-O";
				SWIFT_VERSION = 5.0;
			};
			name = Release;
		};
		EFCB93C4FCFFE3B459E595B3 /* Debug */ = {
			isa = XCBuildConfiguration;
			buildSettings = {
				ALWAYS_SEARCH_USER_PATHS = NO;
				CLANG_ANALYZER_NONNULL = YES;
				CLANG_ANALYZER_NUMBER_OBJECT_CONVERSION = YES_AGGRESSIVE;
				CLANG_CXX_LANGUAGE_STANDARD = "gnu++14";
				CLANG_CXX_LIBRARY = "libc++";
				CLANG_ENABLE_MODULES = YES;
				CLANG_ENABLE_OBJC_ARC = YES;
				CLANG_ENABLE_OBJC_WEAK = YES;
				CLANG_WARN_BLOCK_CAPTURE_AUTORELEASING = YES;
				CLANG_WARN_BOOL_CONVERSION = YES;
				CLANG_WARN_COMMA = YES;
				CLANG_WARN_CONSTANT_CONVERSION = YES;
				CLANG_WARN_DEPRECATED_OBJC_IMPLEMENTATIONS = YES;
				CLANG_WARN_DIRECT_OBJC_ISA_USAGE = YES_ERROR;
				CLANG_WARN_DOCUMENTATION_COMMENTS = YES;
				CLANG_WARN_EMPTY_BODY = YES;
				CLANG_WARN_ENUM_CONVERSION = YES;
				CLANG_WARN_INFINITE_RECURSION = YES;
				CLANG_WARN_INT_CONVERSION = YES;
				CLANG_WARN_NON_LITERAL_NULL_CONVERSION = YES;
				CLANG_WARN_OBJC_IMPLICIT_RETAIN_SELF = YES;
				CLANG_WARN_OBJC_LITERAL_CONVERSION = YES;
				CLANG_WARN_OBJC_ROOT_CLASS = YES_ERROR;
				CLANG_WARN_QUOTED_INCLUDE_IN_FRAMEWORK_HEADER = YES;
				CLANG_WARN_RANGE_LOOP_ANALYSIS = YES;
				CLANG_WARN_STRICT_PROTOTYPES = YES;
				CLANG_WARN_SUSPICIOUS_MOVE = YES;
				CLANG_WARN_UNGUARDED_AVAILABILITY = YES_AGGRESSIVE;
				CLANG_WARN_UNREACHABLE_CODE = YES;
				CLANG_WARN__DUPLICATE_METHOD_MATCH = YES;
				COPY_PHASE_STRIP = NO;
				DEBUG_INFORMATION_FORMAT = dwarf;
				ENABLE_STRICT_OBJC_MSGSEND = YES;
				ENABLE_TESTABILITY = YES;
				GCC_C_LANGUAGE_STANDARD = gnu11;
				GCC_DYNAMIC_NO_PIC = NO;
				GCC_NO_COMMON_BLOCKS = YES;
				GCC_OPTIMIZATION_LEVEL = 0;
				GCC_PREPROCESSOR_DEFINITIONS = (
					"$(inherited)",
					"DEBUG=1",
				);
				GCC_WARN_64_TO_32_BIT_CONVERSION = YES;
				GCC_WARN_ABOUT_RETURN_TYPE = YES_ERROR;
				GCC_WARN_UNDECLARED_SELECTOR = YES;
				GCC_WARN_UNINITIALIZED_AUTOS = YES_AGGRESSIVE;
				GCC_WARN_UNUSED_FUNCTION = YES;
				GCC_WARN_UNUSED_VARIABLE = YES;
				MACOSX_DEPLOYMENT_TARGET = 15.0;
				MTL_ENABLE_DEBUG_INFO = INCLUDE_SOURCE;
				MTL_FAST_MATH = YES;
				ONLY_ACTIVE_ARCH = YES;
				PRODUCT_NAME = "$(TARGET_NAME)";
				SDKROOT = macosx;
				SWIFT_ACTIVE_COMPILATION_CONDITIONS = DEBUG;
				SWIFT_OPTIMIZATION_LEVEL = "-Onone";
				SWIFT_VERSION = 5.0;
			};
			name = Debug;
		};
/* End XCBuildConfiguration section */

/* Begin XCConfigurationList section */
		21AEB936C24A632995C78BE2 /* Build configuration list for PBXNativeTarget "AICompleteChatTests" */ = {
			isa = XCConfigurationList;
			buildConfigurations = (
				01FD680BF34D64CAC501FD73 /* Debug */,
				2F7701AC8CF5C4FC1102D2A8 /* Release */,
			);
			defaultConfigurationIsVisible = 0;
			defaultConfigurationName = Debug;
		};
		A5DFA9C8A495E9B3D9E8B429 /* Build configuration list for PBXProject "AICompleteChat" */ = {
			isa = XCConfigurationList;
			buildConfigurations = (
				EFCB93C4FCFFE3B459E595B3 /* Debug */,
				E103C32A9CCA9E484DBF1B88 /* Release */,
			);
			defaultConfigurationIsVisible = 0;
			defaultConfigurationName = Debug;
		};
		D7BAE564047617048FE2481C /* Build configuration list for PBXNativeTarget "AICompleteChat" */ = {
			isa = XCConfigurationList;
			buildConfigurations = (
				44C11A5F22B81897B9A2F5AD /* Debug */,
				3B4C16293FD1928EEF83AE37 /* Release */,
			);
			defaultConfigurationIsVisible = 0;
			defaultConfigurationName = Debug;
		};
/* End XCConfigurationList section */

/* Begin XCLocalSwiftPackageReference section */
		238027C3299C13D58306D63A /* XCLocalSwiftPackageReference "/Users/nerdsnipe/xCodeProjects/NerdSnipe-Inc-Packages/AiVoiceKit" */ = {
			isa = XCLocalSwiftPackageReference;
			relativePath = "/Users/nerdsnipe/xCodeProjects/NerdSnipe-Inc-Packages/AiVoiceKit";
		};
		7FE60B05F4D1EC875B5A8CD9 /* XCLocalSwiftPackageReference "/Users/nerdsnipe/xCodeProjects/NerdSnipe-Inc-Packages/AiPersona/.worktrees/aicompletechat-memory-reset" */ = {
			isa = XCLocalSwiftPackageReference;
			relativePath = "/Users/nerdsnipe/xCodeProjects/NerdSnipe-Inc-Packages/AiPersona/.worktrees/aicompletechat-memory-reset";
		};
		A1B400C7D4A82094F23A8A99 /* XCLocalSwiftPackageReference "/Users/nerdsnipe/Projects/DesignFoundationPro-wt-aichat-ondevice-redesign" */ = {
			isa = XCLocalSwiftPackageReference;
			relativePath = "/Users/nerdsnipe/Projects/DesignFoundationPro-wt-aichat-ondevice-redesign";
		};
		A7BE2CB8E5DE7A32BCCC86C2 /* XCLocalSwiftPackageReference "/Users/nerdsnipe/xCodeProjects/NerdSnipe-Inc-Packages/AIChatKitMLX" */ = {
			isa = XCLocalSwiftPackageReference;
			relativePath = "/Users/nerdsnipe/xCodeProjects/NerdSnipe-Inc-Packages/AIChatKitMLX";
		};
		B1A8C10731B45B9AE09E2422 /* XCLocalSwiftPackageReference "/Users/nerdsnipe/xCodeProjects/NerdSnipe-Inc-Packages/AIChatKit" */ = {
			isa = XCLocalSwiftPackageReference;
			relativePath = "/Users/nerdsnipe/xCodeProjects/NerdSnipe-Inc-Packages/AIChatKit";
		};
		C63AB346E8F8C76E9E04FB06 /* XCLocalSwiftPackageReference "/Users/nerdsnipe/Projects/DesignFoundation" */ = {
			isa = XCLocalSwiftPackageReference;
			relativePath = /Users/nerdsnipe/Projects/DesignFoundation;
		};
/* End XCLocalSwiftPackageReference section */

/* Begin XCSwiftPackageProductDependency section */
		1EF714916DEA7B5E2AEE2BE5 /* AiVoiceKit */ = {
			isa = XCSwiftPackageProductDependency;
			productName = AiVoiceKit;
		};
		778691EB625C74366F67E30F /* DesignFoundationPro */ = {
			isa = XCSwiftPackageProductDependency;
			productName = DesignFoundationPro;
		};
		81ADEA171303DB61E8462E1E /* AiPersona */ = {
			isa = XCSwiftPackageProductDependency;
			productName = AiPersona;
		};
		88A36470B1ADEDA7BCB845B3 /* AIChatMLX */ = {
			isa = XCSwiftPackageProductDependency;
			productName = AIChatMLX;
		};
		9525AB06788853078320E4C9 /* DesignFoundation */ = {
			isa = XCSwiftPackageProductDependency;
			productName = DesignFoundation;
		};
		E096A2F9B0E84169C0FE0EA3 /* AIChatUI */ = {
			isa = XCSwiftPackageProductDependency;
			productName = AIChatUI;
		};
		EA4CB46AC52C927BD51457B1 /* AIChatCore */ = {
			isa = XCSwiftPackageProductDependency;
			productName = AIChatCore;
		};
/* End XCSwiftPackageProductDependency section */
	};
	rootObject = 883035719663702BA1DE798C /* Project object */;
}
